// !$*UTF8*$!
{
	archiveVersion = 1;
	classes = {
	};
	objectVersion = 46;
	objects = {

/* Begin PBXBuildFile section */
		171B6743150BBE1E003CD612 /* NSArray+PerformSelector.m in Sources */ = {isa = PBXBuildFile; fileRef = 171B6742150BBE1E003CD612 /* NSArray+PerformSelector.m */; };
		171B6746150BBE27003CD612 /* SegmentsController.m in Sources */ = {isa = PBXBuildFile; fileRef = 171B6745150BBE27003CD612 /* SegmentsController.m */; };
		172BC895145BD55D00FF3415 /* Feeds.plist in Resources */ = {isa = PBXBuildFile; fileRef = 172BC894145BD55D00FF3415 /* Feeds.plist */; };
		172BC898145BD57800FF3415 /* FeedListController.m in Sources */ = {isa = PBXBuildFile; fileRef = 172BC897145BD57800FF3415 /* FeedListController.m */; };
		172BC8AC145BDA1000FF3415 /* DetailFeedViewController.m in Sources */ = {isa = PBXBuildFile; fileRef = 172BC89A145BDA1000FF3415 /* DetailFeedViewController.m */; };
		172BC8AD145BDA1000FF3415 /* GTMNSString+HTML.m in Sources */ = {isa = PBXBuildFile; fileRef = 172BC89C145BDA1000FF3415 /* GTMNSString+HTML.m */; };
		172BC8AE145BDA1000FF3415 /* MWFeedInfo.m in Sources */ = {isa = PBXBuildFile; fileRef = 172BC89E145BDA1000FF3415 /* MWFeedInfo.m */; };
		172BC8AF145BDA1000FF3415 /* MWFeedItem.m in Sources */ = {isa = PBXBuildFile; fileRef = 172BC8A0145BDA1000FF3415 /* MWFeedItem.m */; };
		172BC8B0145BDA1000FF3415 /* MWFeedParser.m in Sources */ = {isa = PBXBuildFile; fileRef = 172BC8A3145BDA1000FF3415 /* MWFeedParser.m */; };
		172BC8B2145BDA1000FF3415 /* NSDate+InternetDateTime.m in Sources */ = {isa = PBXBuildFile; fileRef = 172BC8A7145BDA1000FF3415 /* NSDate+InternetDateTime.m */; };
		172BC8B3145BDA1000FF3415 /* NSString+HTML.m in Sources */ = {isa = PBXBuildFile; fileRef = 172BC8A9145BDA1000FF3415 /* NSString+HTML.m */; };
		172BC8B4145BDA1000FF3415 /* NSString+XMLEntities.m in Sources */ = {isa = PBXBuildFile; fileRef = 172BC8AB145BDA1000FF3415 /* NSString+XMLEntities.m */; };
		172BC8B9145BDAE900FF3415 /* FeedViewController.m in Sources */ = {isa = PBXBuildFile; fileRef = 172BC8B8145BDAE900FF3415 /* FeedViewController.m */; };
		172BC8BD145BDFDD00FF3415 /* vocabs.png in Resources */ = {isa = PBXBuildFile; fileRef = 172BC8BC145BDFDD00FF3415 /* vocabs.png */; };
		172BC8BF145BDFF100FF3415 /* review.png in Resources */ = {isa = PBXBuildFile; fileRef = 172BC8BE145BDFF100FF3415 /* review.png */; };
		172BC8C1145BE04200FF3415 /* feeds.png in Resources */ = {isa = PBXBuildFile; fileRef = 172BC8C0145BE04200FF3415 /* feeds.png */; };
		17523941145882CF00484D7C /* thaiwords.png in Resources */ = {isa = PBXBuildFile; fileRef = 17523940145882CF00484D7C /* thaiwords.png */; };
		1770623A1459185F004C20EB /* CoreText.framework in Frameworks */ = {isa = PBXBuildFile; fileRef = 177062391459185F004C20EB /* CoreText.framework */; };
		177943A6149B9EC100211A52 /* libRestKit.a in Frameworks */ = {isa = PBXBuildFile; fileRef = 1779439F149B9EB900211A52 /* libRestKit.a */; };
		177943AE149BA1D200211A52 /* VoiceServices in Frameworks */ = {isa = PBXBuildFile; fileRef = 177943AB149BA07F00211A52 /* VoiceServices */; settings = {ATTRIBUTES = (Weak, ); }; };
		177943C0149BA70B00211A52 /* libxml2.dylib in Frameworks */ = {isa = PBXBuildFile; fileRef = 177943BF149BA70B00211A52 /* libxml2.dylib */; };
		177943C2149BA74300211A52 /* Security.framework in Frameworks */ = {isa = PBXBuildFile; fileRef = 177943C1149BA74300211A52 /* Security.framework */; };
		177943C4149BA75300211A52 /* CoreData.framework in Frameworks */ = {isa = PBXBuildFile; fileRef = 177943C3149BA75300211A52 /* CoreData.framework */; };
		17827187145861B900F47964 /* UIKit.framework in Frameworks */ = {isa = PBXBuildFile; fileRef = 17827186145861B900F47964 /* UIKit.framework */; };
		17827189145861B900F47964 /* Foundation.framework in Frameworks */ = {isa = PBXBuildFile; fileRef = 17827188145861B900F47964 /* Foundation.framework */; };
		1782718B145861B900F47964 /* CoreGraphics.framework in Frameworks */ = {isa = PBXBuildFile; fileRef = 1782718A145861B900F47964 /* CoreGraphics.framework */; };
		17827191145861B900F47964 /* InfoPlist.strings in Resources */ = {isa = PBXBuildFile; fileRef = 1782718F145861B900F47964 /* InfoPlist.strings */; };
		17827193145861B900F47964 /* main.m in Sources */ = {isa = PBXBuildFile; fileRef = 17827192145861B900F47964 /* main.m */; };
		17827197145861B900F47964 /* AppDelegate.m in Sources */ = {isa = PBXBuildFile; fileRef = 17827196145861B900F47964 /* AppDelegate.m */; };
		178271CF145862D500F47964 /* CFNetwork.framework in Frameworks */ = {isa = PBXBuildFile; fileRef = 178271CE145862D500F47964 /* CFNetwork.framework */; };
		178271D1145862DF00F47964 /* MobileCoreServices.framework in Frameworks */ = {isa = PBXBuildFile; fileRef = 178271D0145862DF00F47964 /* MobileCoreServices.framework */; };
		178271D3145862E800F47964 /* SystemConfiguration.framework in Frameworks */ = {isa = PBXBuildFile; fileRef = 178271D2145862E800F47964 /* SystemConfiguration.framework */; };
		178271D8145863A000F47964 /* FlashViewController.m in Sources */ = {isa = PBXBuildFile; fileRef = 178271D5145863A000F47964 /* FlashViewController.m */; };
		178271D9145863A000F47964 /* ThaiWord.m in Sources */ = {isa = PBXBuildFile; fileRef = 178271D7145863A000F47964 /* ThaiWord.m */; };
		178271DC145863AE00F47964 /* FlashCardListController.m in Sources */ = {isa = PBXBuildFile; fileRef = 178271DB145863AE00F47964 /* FlashCardListController.m */; };
		178271DF145863B300F47964 /* FlashView.m in Sources */ = {isa = PBXBuildFile; fileRef = 178271DE145863B300F47964 /* FlashView.m */; };
		178271EA145863E300F47964 /* dtacBold.ttf in Resources */ = {isa = PBXBuildFile; fileRef = 178271E8145863E300F47964 /* dtacBold.ttf */; };
		178271EB145863E300F47964 /* dtacRegular.ttf in Resources */ = {isa = PBXBuildFile; fileRef = 178271E9145863E300F47964 /* dtacRegular.ttf */; };
		178271ED145863F300F47964 /* concrete_wall.png in Resources */ = {isa = PBXBuildFile; fileRef = 178271EC145863F300F47964 /* concrete_wall.png */; };
		178272051458658F00F47964 /* QuartzCore.framework in Frameworks */ = {isa = PBXBuildFile; fileRef = 178272041458658F00F47964 /* QuartzCore.framework */; };
		1782722F1458793200F47964 /* SVProgressHUD.bundle in Resources */ = {isa = PBXBuildFile; fileRef = 1782721E1458793200F47964 /* SVProgressHUD.bundle */; };
		178272301458793200F47964 /* SVProgressHUD.m in Sources */ = {isa = PBXBuildFile; fileRef = 178272201458793200F47964 /* SVProgressHUD.m */; };
		17AE0C8114601E7B00339BFD /* TDBadgedCell.m in Sources */ = {isa = PBXBuildFile; fileRef = 17AE0C8014601E7B00339BFD /* TDBadgedCell.m */; };
		17B3C384145C606F003EE78F /* NSString+CamelCaseConversion.m in Sources */ = {isa = PBXBuildFile; fileRef = 17B3C383145C606F003EE78F /* NSString+CamelCaseConversion.m */; };
		17B3C389145C72E3003EE78F /* Settings.bundle in Resources */ = {isa = PBXBuildFile; fileRef = 17B3C388145C72E3003EE78F /* Settings.bundle */; };
/* End PBXBuildFile section */

/* Begin PBXContainerItemProxy section */
		1779439E149B9EB900211A52 /* PBXContainerItemProxy */ = {
			isa = PBXContainerItemProxy;
			containerPortal = 1782719D1458622100F47964 /* RestKit.xcodeproj */;
			proxyType = 2;
			remoteGlobalIDString = 25160D1614564E810060A5C5;
			remoteInfo = RestKit;
		};
		177943A0149B9EB900211A52 /* PBXContainerItemProxy */ = {
			isa = PBXContainerItemProxy;
			containerPortal = 1782719D1458622100F47964 /* RestKit.xcodeproj */;
			proxyType = 2;
			remoteGlobalIDString = 25160D2614564E820060A5C5;
			remoteInfo = RestKitTests;
		};
		177943A2149B9EB900211A52 /* PBXContainerItemProxy */ = {
			isa = PBXContainerItemProxy;
			containerPortal = 1782719D1458622100F47964 /* RestKit.xcodeproj */;
			proxyType = 2;
			remoteGlobalIDString = 25160E62145651060060A5C5;
			remoteInfo = RestKitFramework;
		};
		177943A4149B9EB900211A52 /* PBXContainerItemProxy */ = {
			isa = PBXContainerItemProxy;
			containerPortal = 1782719D1458622100F47964 /* RestKit.xcodeproj */;
			proxyType = 2;
			remoteGlobalIDString = 25160E78145651060060A5C5;
			remoteInfo = RestKitFrameworkTests;
		};
		177943A9149BA03A00211A52 /* PBXContainerItemProxy */ = {
			isa = PBXContainerItemProxy;
			containerPortal = 1782719D1458622100F47964 /* RestKit.xcodeproj */;
			proxyType = 1;
			remoteGlobalIDString = 25160D1514564E810060A5C5;
			remoteInfo = RestKit;
		};
		177CCEEC159D7E2200A26304 /* PBXContainerItemProxy */ = {
			isa = PBXContainerItemProxy;
			containerPortal = 1782719D1458622100F47964 /* RestKit.xcodeproj */;
			proxyType = 2;
			remoteGlobalIDString = 259C301615128079003066A2;
			remoteInfo = RestKitResources;
		};
/* End PBXContainerItemProxy section */

/* Begin PBXFileReference section */
		171B6741150BBE1E003CD612 /* NSArray+PerformSelector.h */ = {isa = PBXFileReference; fileEncoding = 4; lastKnownFileType = sourcecode.c.h; path = "NSArray+PerformSelector.h"; sourceTree = "<group>"; };
		171B6742150BBE1E003CD612 /* NSArray+PerformSelector.m */ = {isa = PBXFileReference; fileEncoding = 4; lastKnownFileType = sourcecode.c.objc; path = "NSArray+PerformSelector.m"; sourceTree = "<group>"; };
		171B6744150BBE27003CD612 /* SegmentsController.h */ = {isa = PBXFileReference; fileEncoding = 4; lastKnownFileType = sourcecode.c.h; path = SegmentsController.h; sourceTree = "<group>"; };
		171B6745150BBE27003CD612 /* SegmentsController.m */ = {isa = PBXFileReference; fileEncoding = 4; lastKnownFileType = sourcecode.c.objc; path = SegmentsController.m; sourceTree = "<group>"; };
		172321D914594DDE00A1C022 /* AVFoundation.framework */ = {isa = PBXFileReference; lastKnownFileType = wrapper.framework; name = AVFoundation.framework; path = System/Library/Frameworks/AVFoundation.framework; sourceTree = SDKROOT; };
		172BC894145BD55D00FF3415 /* Feeds.plist */ = {isa = PBXFileReference; fileEncoding = 4; lastKnownFileType = text.plist.xml; path = Feeds.plist; sourceTree = "<group>"; };
		172BC896145BD57800FF3415 /* FeedListController.h */ = {isa = PBXFileReference; fileEncoding = 4; lastKnownFileType = sourcecode.c.h; name = FeedListController.h; path = ../FeedListController.h; sourceTree = "<group>"; };
		172BC897145BD57800FF3415 /* FeedListController.m */ = {isa = PBXFileReference; fileEncoding = 4; lastKnownFileType = sourcecode.c.objc; name = FeedListController.m; path = ../FeedListController.m; sourceTree = "<group>"; };
		172BC899145BDA1000FF3415 /* DetailFeedViewController.h */ = {isa = PBXFileReference; fileEncoding = 4; lastKnownFileType = sourcecode.c.h; path = DetailFeedViewController.h; sourceTree = "<group>"; };
		172BC89A145BDA1000FF3415 /* DetailFeedViewController.m */ = {isa = PBXFileReference; fileEncoding = 4; lastKnownFileType = sourcecode.c.objc; path = DetailFeedViewController.m; sourceTree = "<group>"; };
		172BC89B145BDA1000FF3415 /* GTMNSString+HTML.h */ = {isa = PBXFileReference; fileEncoding = 4; lastKnownFileType = sourcecode.c.h; path = "GTMNSString+HTML.h"; sourceTree = "<group>"; };
		172BC89C145BDA1000FF3415 /* GTMNSString+HTML.m */ = {isa = PBXFileReference; fileEncoding = 4; lastKnownFileType = sourcecode.c.objc; path = "GTMNSString+HTML.m"; sourceTree = "<group>"; };
		172BC89D145BDA1000FF3415 /* MWFeedInfo.h */ = {isa = PBXFileReference; fileEncoding = 4; lastKnownFileType = sourcecode.c.h; path = MWFeedInfo.h; sourceTree = "<group>"; };
		172BC89E145BDA1000FF3415 /* MWFeedInfo.m */ = {isa = PBXFileReference; fileEncoding = 4; lastKnownFileType = sourcecode.c.objc; path = MWFeedInfo.m; sourceTree = "<group>"; };
		172BC89F145BDA1000FF3415 /* MWFeedItem.h */ = {isa = PBXFileReference; fileEncoding = 4; lastKnownFileType = sourcecode.c.h; path = MWFeedItem.h; sourceTree = "<group>"; };
		172BC8A0145BDA1000FF3415 /* MWFeedItem.m */ = {isa = PBXFileReference; fileEncoding = 4; lastKnownFileType = sourcecode.c.objc; path = MWFeedItem.m; sourceTree = "<group>"; };
		172BC8A1145BDA1000FF3415 /* MWFeedParser_Private.h */ = {isa = PBXFileReference; fileEncoding = 4; lastKnownFileType = sourcecode.c.h; path = MWFeedParser_Private.h; sourceTree = "<group>"; };
		172BC8A2145BDA1000FF3415 /* MWFeedParser.h */ = {isa = PBXFileReference; fileEncoding = 4; lastKnownFileType = sourcecode.c.h; path = MWFeedParser.h; sourceTree = "<group>"; };
		172BC8A3145BDA1000FF3415 /* MWFeedParser.m */ = {isa = PBXFileReference; fileEncoding = 4; lastKnownFileType = sourcecode.c.objc; path = MWFeedParser.m; sourceTree = "<group>"; };
		172BC8A6145BDA1000FF3415 /* NSDate+InternetDateTime.h */ = {isa = PBXFileReference; fileEncoding = 4; lastKnownFileType = sourcecode.c.h; path = "NSDate+InternetDateTime.h"; sourceTree = "<group>"; };
		172BC8A7145BDA1000FF3415 /* NSDate+InternetDateTime.m */ = {isa = PBXFileReference; fileEncoding = 4; lastKnownFileType = sourcecode.c.objc; path = "NSDate+InternetDateTime.m"; sourceTree = "<group>"; };
		172BC8A8145BDA1000FF3415 /* NSString+HTML.h */ = {isa = PBXFileReference; fileEncoding = 4; lastKnownFileType = sourcecode.c.h; path = "NSString+HTML.h"; sourceTree = "<group>"; };
		172BC8A9145BDA1000FF3415 /* NSString+HTML.m */ = {isa = PBXFileReference; fileEncoding = 4; lastKnownFileType = sourcecode.c.objc; path = "NSString+HTML.m"; sourceTree = "<group>"; };
		172BC8AA145BDA1000FF3415 /* NSString+XMLEntities.h */ = {isa = PBXFileReference; fileEncoding = 4; lastKnownFileType = sourcecode.c.h; path = "NSString+XMLEntities.h"; sourceTree = "<group>"; };
		172BC8AB145BDA1000FF3415 /* NSString+XMLEntities.m */ = {isa = PBXFileReference; fileEncoding = 4; lastKnownFileType = sourcecode.c.objc; path = "NSString+XMLEntities.m"; sourceTree = "<group>"; };
		172BC8B7145BDAE900FF3415 /* FeedViewController.h */ = {isa = PBXFileReference; fileEncoding = 4; lastKnownFileType = sourcecode.c.h; name = FeedViewController.h; path = ../FeedViewController.h; sourceTree = "<group>"; };
		172BC8B8145BDAE900FF3415 /* FeedViewController.m */ = {isa = PBXFileReference; fileEncoding = 4; lastKnownFileType = sourcecode.c.objc; name = FeedViewController.m; path = ../FeedViewController.m; sourceTree = "<group>"; };
		172BC8BC145BDFDD00FF3415 /* vocabs.png */ = {isa = PBXFileReference; lastKnownFileType = image.png; path = vocabs.png; sourceTree = "<group>"; };
		172BC8BE145BDFF100FF3415 /* review.png */ = {isa = PBXFileReference; lastKnownFileType = image.png; path = review.png; sourceTree = "<group>"; };
		172BC8C0145BE04200FF3415 /* feeds.png */ = {isa = PBXFileReference; lastKnownFileType = image.png; path = feeds.png; sourceTree = "<group>"; };
		17523940145882CF00484D7C /* thaiwords.png */ = {isa = PBXFileReference; lastKnownFileType = image.png; path = thaiwords.png; sourceTree = "<group>"; };
		177062391459185F004C20EB /* CoreText.framework */ = {isa = PBXFileReference; lastKnownFileType = wrapper.framework; name = CoreText.framework; path = System/Library/Frameworks/CoreText.framework; sourceTree = SDKROOT; };
		177943AB149BA07F00211A52 /* VoiceServices */ = {isa = PBXFileReference; lastKnownFileType = "compiled.mach-o.dylib"; name = VoiceServices; path = System/Library/PrivateFrameworks/VoiceServices.framework/VoiceServices; sourceTree = SDKROOT; };
		177943BF149BA70B00211A52 /* libxml2.dylib */ = {isa = PBXFileReference; lastKnownFileType = "compiled.mach-o.dylib"; name = libxml2.dylib; path = usr/lib/libxml2.dylib; sourceTree = SDKROOT; };
		177943C1149BA74300211A52 /* Security.framework */ = {isa = PBXFileReference; lastKnownFileType = wrapper.framework; name = Security.framework; path = System/Library/Frameworks/Security.framework; sourceTree = SDKROOT; };
		177943C3149BA75300211A52 /* CoreData.framework */ = {isa = PBXFileReference; lastKnownFileType = wrapper.framework; name = CoreData.framework; path = System/Library/Frameworks/CoreData.framework; sourceTree = SDKROOT; };
		17827182145861B900F47964 /* ThaiWords.app */ = {isa = PBXFileReference; explicitFileType = wrapper.application; includeInIndex = 0; path = ThaiWords.app; sourceTree = BUILT_PRODUCTS_DIR; };
		17827186145861B900F47964 /* UIKit.framework */ = {isa = PBXFileReference; lastKnownFileType = wrapper.framework; name = UIKit.framework; path = System/Library/Frameworks/UIKit.framework; sourceTree = SDKROOT; };
		17827188145861B900F47964 /* Foundation.framework */ = {isa = PBXFileReference; lastKnownFileType = wrapper.framework; name = Foundation.framework; path = System/Library/Frameworks/Foundation.framework; sourceTree = SDKROOT; };
		1782718A145861B900F47964 /* CoreGraphics.framework */ = {isa = PBXFileReference; lastKnownFileType = wrapper.framework; name = CoreGraphics.framework; path = System/Library/Frameworks/CoreGraphics.framework; sourceTree = SDKROOT; };
		1782718E145861B900F47964 /* ThaiWords-Info.plist */ = {isa = PBXFileReference; lastKnownFileType = text.plist.xml; path = "ThaiWords-Info.plist"; sourceTree = "<group>"; };
		17827190145861B900F47964 /* en */ = {isa = PBXFileReference; lastKnownFileType = text.plist.strings; name = en; path = en.lproj/InfoPlist.strings; sourceTree = "<group>"; };
		17827192145861B900F47964 /* main.m */ = {isa = PBXFileReference; lastKnownFileType = sourcecode.c.objc; path = main.m; sourceTree = "<group>"; };
		17827194145861B900F47964 /* ThaiWords-Prefix.pch */ = {isa = PBXFileReference; lastKnownFileType = sourcecode.c.h; path = "ThaiWords-Prefix.pch"; sourceTree = "<group>"; };
		17827195145861B900F47964 /* AppDelegate.h */ = {isa = PBXFileReference; lastKnownFileType = sourcecode.c.h; path = AppDelegate.h; sourceTree = "<group>"; };
		17827196145861B900F47964 /* AppDelegate.m */ = {isa = PBXFileReference; lastKnownFileType = sourcecode.c.objc; path = AppDelegate.m; sourceTree = "<group>"; };
		1782719D1458622100F47964 /* RestKit.xcodeproj */ = {isa = PBXFileReference; lastKnownFileType = "wrapper.pb-project"; name = RestKit.xcodeproj; path = ThaiWords/RestKit/RestKit.xcodeproj; sourceTree = "<group>"; };
		178271CE145862D500F47964 /* CFNetwork.framework */ = {isa = PBXFileReference; lastKnownFileType = wrapper.framework; name = CFNetwork.framework; path = System/Library/Frameworks/CFNetwork.framework; sourceTree = SDKROOT; };
		178271D0145862DF00F47964 /* MobileCoreServices.framework */ = {isa = PBXFileReference; lastKnownFileType = wrapper.framework; name = MobileCoreServices.framework; path = System/Library/Frameworks/MobileCoreServices.framework; sourceTree = SDKROOT; };
		178271D2145862E800F47964 /* SystemConfiguration.framework */ = {isa = PBXFileReference; lastKnownFileType = wrapper.framework; name = SystemConfiguration.framework; path = System/Library/Frameworks/SystemConfiguration.framework; sourceTree = SDKROOT; };
		178271D4145863A000F47964 /* FlashViewController.h */ = {isa = PBXFileReference; fileEncoding = 4; lastKnownFileType = sourcecode.c.h; name = FlashViewController.h; path = ../FlashViewController.h; sourceTree = "<group>"; };
		178271D5145863A000F47964 /* FlashViewController.m */ = {isa = PBXFileReference; fileEncoding = 4; lastKnownFileType = sourcecode.c.objc; name = FlashViewController.m; path = ../FlashViewController.m; sourceTree = "<group>"; };
		178271D6145863A000F47964 /* ThaiWord.h */ = {isa = PBXFileReference; fileEncoding = 4; lastKnownFileType = sourcecode.c.h; name = ThaiWord.h; path = ../ThaiWord.h; sourceTree = "<group>"; };
		178271D7145863A000F47964 /* ThaiWord.m */ = {isa = PBXFileReference; fileEncoding = 4; lastKnownFileType = sourcecode.c.objc; name = ThaiWord.m; path = ../ThaiWord.m; sourceTree = "<group>"; };
		178271DA145863AE00F47964 /* FlashCardListController.h */ = {isa = PBXFileReference; fileEncoding = 4; lastKnownFileType = sourcecode.c.h; name = FlashCardListController.h; path = ../FlashCardListController.h; sourceTree = "<group>"; };
		178271DB145863AE00F47964 /* FlashCardListController.m */ = {isa = PBXFileReference; fileEncoding = 4; lastKnownFileType = sourcecode.c.objc; name = FlashCardListController.m; path = ../FlashCardListController.m; sourceTree = "<group>"; };
		178271DD145863B300F47964 /* FlashView.h */ = {isa = PBXFileReference; fileEncoding = 4; lastKnownFileType = sourcecode.c.h; name = FlashView.h; path = ../FlashView.h; sourceTree = "<group>"; };
		178271DE145863B300F47964 /* FlashView.m */ = {isa = PBXFileReference; fileEncoding = 4; lastKnownFileType = sourcecode.c.objc; name = FlashView.m; path = ../FlashView.m; sourceTree = "<group>"; };
		178271E8145863E300F47964 /* dtacBold.ttf */ = {isa = PBXFileReference; lastKnownFileType = file; path = dtacBold.ttf; sourceTree = "<group>"; };
		178271E9145863E300F47964 /* dtacRegular.ttf */ = {isa = PBXFileReference; lastKnownFileType = file; path = dtacRegular.ttf; sourceTree = "<group>"; };
		178271EC145863F300F47964 /* concrete_wall.png */ = {isa = PBXFileReference; lastKnownFileType = image.png; path = concrete_wall.png; sourceTree = "<group>"; };
		178272041458658F00F47964 /* QuartzCore.framework */ = {isa = PBXFileReference; lastKnownFileType = wrapper.framework; name = QuartzCore.framework; path = System/Library/Frameworks/QuartzCore.framework; sourceTree = SDKROOT; };
		1782721E1458793200F47964 /* SVProgressHUD.bundle */ = {isa = PBXFileReference; lastKnownFileType = "wrapper.plug-in"; path = SVProgressHUD.bundle; sourceTree = "<group>"; };
		1782721F1458793200F47964 /* SVProgressHUD.h */ = {isa = PBXFileReference; fileEncoding = 4; lastKnownFileType = sourcecode.c.h; path = SVProgressHUD.h; sourceTree = "<group>"; };
		178272201458793200F47964 /* SVProgressHUD.m */ = {isa = PBXFileReference; fileEncoding = 4; lastKnownFileType = sourcecode.c.objc; path = SVProgressHUD.m; sourceTree = "<group>"; };
		17AE0C7F14601E7B00339BFD /* TDBadgedCell.h */ = {isa = PBXFileReference; fileEncoding = 4; lastKnownFileType = sourcecode.c.h; path = TDBadgedCell.h; sourceTree = "<group>"; };
		17AE0C8014601E7B00339BFD /* TDBadgedCell.m */ = {isa = PBXFileReference; fileEncoding = 4; lastKnownFileType = sourcecode.c.objc; path = TDBadgedCell.m; sourceTree = "<group>"; };
		17B3C382145C606F003EE78F /* NSString+CamelCaseConversion.h */ = {isa = PBXFileReference; fileEncoding = 4; lastKnownFileType = sourcecode.c.h; path = "NSString+CamelCaseConversion.h"; sourceTree = "<group>"; };
		17B3C383145C606F003EE78F /* NSString+CamelCaseConversion.m */ = {isa = PBXFileReference; fileEncoding = 4; lastKnownFileType = sourcecode.c.objc; path = "NSString+CamelCaseConversion.m"; sourceTree = "<group>"; };
		17B3C385145C6DE1003EE78F /* VSSpeechSynthesizer.h */ = {isa = PBXFileReference; fileEncoding = 4; lastKnownFileType = sourcecode.c.h; name = VSSpeechSynthesizer.h; path = ../VSSpeechSynthesizer.h; sourceTree = "<group>"; };
		17B3C388145C72E3003EE78F /* Settings.bundle */ = {isa = PBXFileReference; lastKnownFileType = "wrapper.plug-in"; path = Settings.bundle; sourceTree = "<group>"; };
/* End PBXFileReference section */

/* Begin PBXFrameworksBuildPhase section */
		1782717F145861B900F47964 /* Frameworks */ = {
			isa = PBXFrameworksBuildPhase;
			buildActionMask = 2147483647;
			files = (
				177943AE149BA1D200211A52 /* VoiceServices in Frameworks */,
				177943C4149BA75300211A52 /* CoreData.framework in Frameworks */,
				177943C2149BA74300211A52 /* Security.framework in Frameworks */,
				177943C0149BA70B00211A52 /* libxml2.dylib in Frameworks */,
				177943A6149B9EC100211A52 /* libRestKit.a in Frameworks */,
				1770623A1459185F004C20EB /* CoreText.framework in Frameworks */,
				178272051458658F00F47964 /* QuartzCore.framework in Frameworks */,
				178271D3145862E800F47964 /* SystemConfiguration.framework in Frameworks */,
				178271D1145862DF00F47964 /* MobileCoreServices.framework in Frameworks */,
				178271CF145862D500F47964 /* CFNetwork.framework in Frameworks */,
				17827187145861B900F47964 /* UIKit.framework in Frameworks */,
				17827189145861B900F47964 /* Foundation.framework in Frameworks */,
				1782718B145861B900F47964 /* CoreGraphics.framework in Frameworks */,
			);
			runOnlyForDeploymentPostprocessing = 0;
		};
/* End PBXFrameworksBuildPhase section */

/* Begin PBXGroup section */
		171405E61461BC0400A88544 /* FlashCards */ = {
			isa = PBXGroup;
			children = (
				171B6744150BBE27003CD612 /* SegmentsController.h */,
				171B6745150BBE27003CD612 /* SegmentsController.m */,
				178271DA145863AE00F47964 /* FlashCardListController.h */,
				178271DB145863AE00F47964 /* FlashCardListController.m */,
				178271DD145863B300F47964 /* FlashView.h */,
				178271DE145863B300F47964 /* FlashView.m */,
				178271D4145863A000F47964 /* FlashViewController.h */,
				178271D5145863A000F47964 /* FlashViewController.m */,
			);
			name = FlashCards;
			sourceTree = "<group>";
		};
		171405E71461BD1900A88544 /* Feeds */ = {
			isa = PBXGroup;
			children = (
				172BC899145BDA1000FF3415 /* DetailFeedViewController.h */,
				172BC89A145BDA1000FF3415 /* DetailFeedViewController.m */,
				172BC896145BD57800FF3415 /* FeedListController.h */,
				172BC897145BD57800FF3415 /* FeedListController.m */,
				172BC8B7145BDAE900FF3415 /* FeedViewController.h */,
				172BC8B8145BDAE900FF3415 /* FeedViewController.m */,
			);
			name = Feeds;
			sourceTree = "<group>";
		};
		172BC8B5145BDA2600FF3415 /* MWFeedParser */ = {
			isa = PBXGroup;
			children = (
				172BC89D145BDA1000FF3415 /* MWFeedInfo.h */,
				172BC89E145BDA1000FF3415 /* MWFeedInfo.m */,
				172BC89F145BDA1000FF3415 /* MWFeedItem.h */,
				172BC8A0145BDA1000FF3415 /* MWFeedItem.m */,
				172BC8A1145BDA1000FF3415 /* MWFeedParser_Private.h */,
				172BC8A2145BDA1000FF3415 /* MWFeedParser.h */,
				172BC8A3145BDA1000FF3415 /* MWFeedParser.m */,
			);
			name = MWFeedParser;
			sourceTree = "<group>";
		};
		172BC8B6145BDA3800FF3415 /* Categories */ = {
			isa = PBXGroup;
			children = (
				171B6741150BBE1E003CD612 /* NSArray+PerformSelector.h */,
				171B6742150BBE1E003CD612 /* NSArray+PerformSelector.m */,
				172BC89B145BDA1000FF3415 /* GTMNSString+HTML.h */,
				172BC89C145BDA1000FF3415 /* GTMNSString+HTML.m */,
				172BC8A6145BDA1000FF3415 /* NSDate+InternetDateTime.h */,
				172BC8A7145BDA1000FF3415 /* NSDate+InternetDateTime.m */,
				172BC8A8145BDA1000FF3415 /* NSString+HTML.h */,
				172BC8A9145BDA1000FF3415 /* NSString+HTML.m */,
				172BC8AA145BDA1000FF3415 /* NSString+XMLEntities.h */,
				172BC8AB145BDA1000FF3415 /* NSString+XMLEntities.m */,
				17B3C382145C606F003EE78F /* NSString+CamelCaseConversion.h */,
				17B3C383145C606F003EE78F /* NSString+CamelCaseConversion.m */,
			);
			name = Categories;
			sourceTree = "<group>";
		};
		17827177145861B900F47964 = {
			isa = PBXGroup;
			children = (
				177943C3149BA75300211A52 /* CoreData.framework */,
				177943C1149BA74300211A52 /* Security.framework */,
				177943BF149BA70B00211A52 /* libxml2.dylib */,
				177943AB149BA07F00211A52 /* VoiceServices */,
				17B3C388145C72E3003EE78F /* Settings.bundle */,
				1782718C145861B900F47964 /* ThaiWords */,
				17827185145861B900F47964 /* Frameworks */,
				17827183145861B900F47964 /* Products */,
				17827206145865DF00F47964 /* Assets */,
			);
			sourceTree = "<group>";
		};
		17827183145861B900F47964 /* Products */ = {
			isa = PBXGroup;
			children = (
				17827182145861B900F47964 /* ThaiWords.app */,
			);
			name = Products;
			sourceTree = "<group>";
		};
		17827185145861B900F47964 /* Frameworks */ = {
			isa = PBXGroup;
			children = (
				1782719D1458622100F47964 /* RestKit.xcodeproj */,
				178272091458793200F47964 /* SVProgressHUD */,
				17AE0C7E14601E7B00339BFD /* TDBadgedCell */,
				172321D914594DDE00A1C022 /* AVFoundation.framework */,
				177062391459185F004C20EB /* CoreText.framework */,
				178272041458658F00F47964 /* QuartzCore.framework */,
				178271D2145862E800F47964 /* SystemConfiguration.framework */,
				178271D0145862DF00F47964 /* MobileCoreServices.framework */,
				178271CE145862D500F47964 /* CFNetwork.framework */,
				17827186145861B900F47964 /* UIKit.framework */,
				17827188145861B900F47964 /* Foundation.framework */,
				1782718A145861B900F47964 /* CoreGraphics.framework */,
			);
			name = Frameworks;
			sourceTree = "<group>";
		};
		1782718C145861B900F47964 /* ThaiWords */ = {
			isa = PBXGroup;
			children = (
				171405E71461BD1900A88544 /* Feeds */,
				172BC8B5145BDA2600FF3415 /* MWFeedParser */,
				172BC8B6145BDA3800FF3415 /* Categories */,
				171405E61461BC0400A88544 /* FlashCards */,
				178271D6145863A000F47964 /* ThaiWord.h */,
				178271D7145863A000F47964 /* ThaiWord.m */,
				17827195145861B900F47964 /* AppDelegate.h */,
				17827196145861B900F47964 /* AppDelegate.m */,
				17B3C385145C6DE1003EE78F /* VSSpeechSynthesizer.h */,
				1782718D145861B900F47964 /* Supporting Files */,
			);
			path = ThaiWords;
			sourceTree = "<group>";
		};
		1782718D145861B900F47964 /* Supporting Files */ = {
			isa = PBXGroup;
			children = (
				1782718E145861B900F47964 /* ThaiWords-Info.plist */,
				1782718F145861B900F47964 /* InfoPlist.strings */,
				17827192145861B900F47964 /* main.m */,
				17827194145861B900F47964 /* ThaiWords-Prefix.pch */,
			);
			name = "Supporting Files";
			sourceTree = "<group>";
		};
		1782719E1458622100F47964 /* Products */ = {
			isa = PBXGroup;
			children = (
				1779439F149B9EB900211A52 /* libRestKit.a */,
				177943A1149B9EB900211A52 /* RestKitTests.octest */,
				177943A3149B9EB900211A52 /* RestKit.framework */,
				177943A5149B9EB900211A52 /* RestKitFrameworkTests.octest */,
				177CCEED159D7E2200A26304 /* RestKitResources.bundle */,
			);
			name = Products;
			sourceTree = "<group>";
		};
		17827206145865DF00F47964 /* Assets */ = {
			isa = PBXGroup;
			children = (
				172BC894145BD55D00FF3415 /* Feeds.plist */,
				17523940145882CF00484D7C /* thaiwords.png */,
				172BC8BE145BDFF100FF3415 /* review.png */,
				172BC8C0145BE04200FF3415 /* feeds.png */,
				178271EC145863F300F47964 /* concrete_wall.png */,
				172BC8BC145BDFDD00FF3415 /* vocabs.png */,
				178271E8145863E300F47964 /* dtacBold.ttf */,
				178271E9145863E300F47964 /* dtacRegular.ttf */,
			);
			name = Assets;
			sourceTree = "<group>";
		};
		178272091458793200F47964 /* SVProgressHUD */ = {
			isa = PBXGroup;
			children = (
				1782721D1458793200F47964 /* SVProgressHUD */,
			);
			path = SVProgressHUD;
			sourceTree = "<group>";
		};
		1782721D1458793200F47964 /* SVProgressHUD */ = {
			isa = PBXGroup;
			children = (
				1782721E1458793200F47964 /* SVProgressHUD.bundle */,
				1782721F1458793200F47964 /* SVProgressHUD.h */,
				178272201458793200F47964 /* SVProgressHUD.m */,
			);
			path = SVProgressHUD;
			sourceTree = "<group>";
		};
		17AE0C7E14601E7B00339BFD /* TDBadgedCell */ = {
			isa = PBXGroup;
			children = (
				17AE0C7F14601E7B00339BFD /* TDBadgedCell.h */,
				17AE0C8014601E7B00339BFD /* TDBadgedCell.m */,
			);
			path = TDBadgedCell;
			sourceTree = "<group>";
		};
/* End PBXGroup section */

/* Begin PBXNativeTarget section */
		17827181145861B900F47964 /* ThaiWords */ = {
			isa = PBXNativeTarget;
			buildConfigurationList = 1782719A145861B900F47964 /* Build configuration list for PBXNativeTarget "ThaiWords" */;
			buildPhases = (
				1782717E145861B900F47964 /* Sources */,
				1782717F145861B900F47964 /* Frameworks */,
				17827180145861B900F47964 /* Resources */,
			);
			buildRules = (
			);
			dependencies = (
				177943AA149BA03A00211A52 /* PBXTargetDependency */,
			);
			name = ThaiWords;
			productName = ThaiWords;
			productReference = 17827182145861B900F47964 /* ThaiWords.app */;
			productType = "com.apple.product-type.application";
		};
/* End PBXNativeTarget section */

/* Begin PBXProject section */
		17827179145861B900F47964 /* Project object */ = {
			isa = PBXProject;
			attributes = {
				LastUpgradeCheck = 0420;
			};
			buildConfigurationList = 1782717C145861B900F47964 /* Build configuration list for PBXProject "ThaiWords" */;
			compatibilityVersion = "Xcode 3.2";
			developmentRegion = English;
			hasScannedForEncodings = 0;
			knownRegions = (
				en,
			);
			mainGroup = 17827177145861B900F47964;
			productRefGroup = 17827183145861B900F47964 /* Products */;
			projectDirPath = "";
			projectReferences = (
				{
					ProductGroup = 1782719E1458622100F47964 /* Products */;
					ProjectRef = 1782719D1458622100F47964 /* RestKit.xcodeproj */;
				},
			);
			projectRoot = "";
			targets = (
				17827181145861B900F47964 /* ThaiWords */,
			);
		};
/* End PBXProject section */

/* Begin PBXReferenceProxy section */
		1779439F149B9EB900211A52 /* libRestKit.a */ = {
			isa = PBXReferenceProxy;
			fileType = archive.ar;
			path = libRestKit.a;
			remoteRef = 1779439E149B9EB900211A52 /* PBXContainerItemProxy */;
			sourceTree = BUILT_PRODUCTS_DIR;
		};
		177943A1149B9EB900211A52 /* RestKitTests.octest */ = {
			isa = PBXReferenceProxy;
			fileType = wrapper.cfbundle;
			path = RestKitTests.octest;
			remoteRef = 177943A0149B9EB900211A52 /* PBXContainerItemProxy */;
			sourceTree = BUILT_PRODUCTS_DIR;
		};
		177943A3149B9EB900211A52 /* RestKit.framework */ = {
			isa = PBXReferenceProxy;
			fileType = wrapper.framework;
			path = RestKit.framework;
			remoteRef = 177943A2149B9EB900211A52 /* PBXContainerItemProxy */;
			sourceTree = BUILT_PRODUCTS_DIR;
		};
		177943A5149B9EB900211A52 /* RestKitFrameworkTests.octest */ = {
			isa = PBXReferenceProxy;
			fileType = wrapper.cfbundle;
			path = RestKitFrameworkTests.octest;
			remoteRef = 177943A4149B9EB900211A52 /* PBXContainerItemProxy */;
			sourceTree = BUILT_PRODUCTS_DIR;
		};
		177CCEED159D7E2200A26304 /* RestKitResources.bundle */ = {
			isa = PBXReferenceProxy;
			fileType = wrapper.cfbundle;
			path = RestKitResources.bundle;
			remoteRef = 177CCEEC159D7E2200A26304 /* PBXContainerItemProxy */;
			sourceTree = BUILT_PRODUCTS_DIR;
		};
/* End PBXReferenceProxy section */

/* Begin PBXResourcesBuildPhase section */
		17827180145861B900F47964 /* Resources */ = {
			isa = PBXResourcesBuildPhase;
			buildActionMask = 2147483647;
			files = (
				17827191145861B900F47964 /* InfoPlist.strings in Resources */,
				178271EA145863E300F47964 /* dtacBold.ttf in Resources */,
				178271EB145863E300F47964 /* dtacRegular.ttf in Resources */,
				178271ED145863F300F47964 /* concrete_wall.png in Resources */,
				1782722F1458793200F47964 /* SVProgressHUD.bundle in Resources */,
				17523941145882CF00484D7C /* thaiwords.png in Resources */,
				172BC895145BD55D00FF3415 /* Feeds.plist in Resources */,
				172BC8BD145BDFDD00FF3415 /* vocabs.png in Resources */,
				172BC8BF145BDFF100FF3415 /* review.png in Resources */,
				172BC8C1145BE04200FF3415 /* feeds.png in Resources */,
				17B3C389145C72E3003EE78F /* Settings.bundle in Resources */,
			);
			runOnlyForDeploymentPostprocessing = 0;
		};
/* End PBXResourcesBuildPhase section */

/* Begin PBXSourcesBuildPhase section */
		1782717E145861B900F47964 /* Sources */ = {
			isa = PBXSourcesBuildPhase;
			buildActionMask = 2147483647;
			files = (
				17827193145861B900F47964 /* main.m in Sources */,
				17827197145861B900F47964 /* AppDelegate.m in Sources */,
				178271D8145863A000F47964 /* FlashViewController.m in Sources */,
				178271D9145863A000F47964 /* ThaiWord.m in Sources */,
				178271DC145863AE00F47964 /* FlashCardListController.m in Sources */,
				178271DF145863B300F47964 /* FlashView.m in Sources */,
				178272301458793200F47964 /* SVProgressHUD.m in Sources */,
				172BC898145BD57800FF3415 /* FeedListController.m in Sources */,
				172BC8AC145BDA1000FF3415 /* DetailFeedViewController.m in Sources */,
				172BC8AD145BDA1000FF3415 /* GTMNSString+HTML.m in Sources */,
				172BC8AE145BDA1000FF3415 /* MWFeedInfo.m in Sources */,
				172BC8AF145BDA1000FF3415 /* MWFeedItem.m in Sources */,
				172BC8B0145BDA1000FF3415 /* MWFeedParser.m in Sources */,
				172BC8B2145BDA1000FF3415 /* NSDate+InternetDateTime.m in Sources */,
				172BC8B3145BDA1000FF3415 /* NSString+HTML.m in Sources */,
				172BC8B4145BDA1000FF3415 /* NSString+XMLEntities.m in Sources */,
				172BC8B9145BDAE900FF3415 /* FeedViewController.m in Sources */,
				17B3C384145C606F003EE78F /* NSString+CamelCaseConversion.m in Sources */,
				17AE0C8114601E7B00339BFD /* TDBadgedCell.m in Sources */,
				171B6743150BBE1E003CD612 /* NSArray+PerformSelector.m in Sources */,
				171B6746150BBE27003CD612 /* SegmentsController.m in Sources */,
			);
			runOnlyForDeploymentPostprocessing = 0;
		};
/* End PBXSourcesBuildPhase section */

/* Begin PBXTargetDependency section */
		177943AA149BA03A00211A52 /* PBXTargetDependency */ = {
			isa = PBXTargetDependency;
			name = RestKit;
			targetProxy = 177943A9149BA03A00211A52 /* PBXContainerItemProxy */;
		};
/* End PBXTargetDependency section */

/* Begin PBXVariantGroup section */
		1782718F145861B900F47964 /* InfoPlist.strings */ = {
			isa = PBXVariantGroup;
			children = (
				17827190145861B900F47964 /* en */,
			);
			name = InfoPlist.strings;
			sourceTree = "<group>";
		};
/* End PBXVariantGroup section */

/* Begin XCBuildConfiguration section */
		17827198145861B900F47964 /* Debug */ = {
			isa = XCBuildConfiguration;
			buildSettings = {
				ALWAYS_SEARCH_USER_PATHS = NO;
				ARCHS = (
					armv6,
					"$(ARCHS_STANDARD_32_BIT)",
				);
				CODE_SIGN_IDENTITY = "iPhone Developer: Xinming Zhao (C7XBZ37ZUQ)";
				"CODE_SIGN_IDENTITY[sdk=iphoneos*]" = "iPhone Developer: Xinming Zhao (C7XBZ37ZUQ)";
				COPY_PHASE_STRIP = NO;
				GCC_C_LANGUAGE_STANDARD = gnu99;
				GCC_DYNAMIC_NO_PIC = NO;
				GCC_OPTIMIZATION_LEVEL = 0;
				GCC_PREPROCESSOR_DEFINITIONS = (
					"DEBUG=1",
					"$(inherited)",
				);
				GCC_SYMBOLS_PRIVATE_EXTERN = NO;
				GCC_VERSION = com.apple.compilers.llvm.clang.1_0;
				GCC_WARN_ABOUT_MISSING_PROTOTYPES = YES;
				GCC_WARN_ABOUT_RETURN_TYPE = YES;
				GCC_WARN_UNUSED_VARIABLE = YES;
				IPHONEOS_DEPLOYMENT_TARGET = 4.0;
				PROVISIONING_PROFILE = "BA0EAE7E-4017-4BC7-B376-225CE0E8CEA2";
				"PROVISIONING_PROFILE[sdk=iphoneos*]" = "BA0EAE7E-4017-4BC7-B376-225CE0E8CEA2";
				SDKROOT = iphoneos;
				VALIDATE_PRODUCT = NO;
			};
			name = Debug;
		};
		17827199145861B900F47964 /* Release */ = {
			isa = XCBuildConfiguration;
			buildSettings = {
				ALWAYS_SEARCH_USER_PATHS = NO;
				ARCHS = (
					armv6,
					"$(ARCHS_STANDARD_32_BIT)",
				);
				"CODE_SIGN_IDENTITY[sdk=iphoneos*]" = "";
				COPY_PHASE_STRIP = YES;
				GCC_C_LANGUAGE_STANDARD = gnu99;
				GCC_VERSION = com.apple.compilers.llvm.clang.1_0;
				GCC_WARN_ABOUT_MISSING_PROTOTYPES = YES;
				GCC_WARN_ABOUT_RETURN_TYPE = YES;
				GCC_WARN_UNUSED_VARIABLE = YES;
				IPHONEOS_DEPLOYMENT_TARGET = 4.0;
				OTHER_CFLAGS = "-DNS_BLOCK_ASSERTIONS=1";
				SDKROOT = iphoneos;
				VALIDATE_PRODUCT = YES;
			};
			name = Release;
		};
		1782719B145861B900F47964 /* Debug */ = {
			isa = XCBuildConfiguration;
			buildSettings = {
				CODE_SIGN_IDENTITY = "iPhone Developer: Xinming Zhao (C7XBZ37ZUQ)";
				"CODE_SIGN_IDENTITY[sdk=iphoneos*]" = "iPhone Developer: Xinming Zhao (C7XBZ37ZUQ)";
				GCC_PRECOMPILE_PREFIX_HEADER = YES;
				GCC_PREFIX_HEADER = "ThaiWords/ThaiWords-Prefix.pch";
				GCC_WARN_ABOUT_MISSING_PROTOTYPES = NO;
				HEADER_SEARCH_PATHS = (
					"\"$(SOURCE_ROOT)/RestKit/Build\"",
					"\"$(BUILT_PRODUCTS_DIR)/../../Headers\"",
				);
				INFOPLIST_FILE = "ThaiWords/ThaiWords-Info.plist";
				LIBRARY_SEARCH_PATHS = (
					"$(inherited)",
					"\"$(DEVELOPER_DIR)/Platforms/iPhoneOS.platform/DeviceSupport/Lastest/Symbols/System/Library/PrivateFrameworks/VoiceServices.framework\"",
					"\"$(SDKROOT)$(SYSTEM_LIBRARY_DIR)/PrivateFrameworks/VoiceServices.framework\"",
				);
				OTHER_LDFLAGS = (
					"-ObjC",
					"-all_load",
				);
				PRODUCT_NAME = "$(TARGET_NAME)";
				PROVISIONING_PROFILE = "3A282336-BE3E-4996-9488-9B2A0FAABF56";
				"PROVISIONING_PROFILE[sdk=iphoneos*]" = "3A282336-BE3E-4996-9488-9B2A0FAABF56";
				WRAPPER_EXTENSION = app;
			};
			name = Debug;
		};
		1782719C145861B900F47964 /* Release */ = {
			isa = XCBuildConfiguration;
			buildSettings = {
				GCC_PRECOMPILE_PREFIX_HEADER = YES;
				GCC_PREFIX_HEADER = "ThaiWords/ThaiWords-Prefix.pch";
				GCC_WARN_ABOUT_MISSING_PROTOTYPES = NO;
				HEADER_SEARCH_PATHS = (
					"\"$(SOURCE_ROOT)/RestKit/Build\"",
					"\"$(BUILT_PRODUCTS_DIR)/../../Headers\"",
				);
				INFOPLIST_FILE = "ThaiWords/ThaiWords-Info.plist";
				LIBRARY_SEARCH_PATHS = (
					"$(inherited)",
					"\"$(DEVELOPER_DIR)/Platforms/iPhoneOS.platform/DeviceSupport/Lastest/Symbols/System/Library/PrivateFrameworks/VoiceServices.framework\"",
					"\"$(SDKROOT)$(SYSTEM_LIBRARY_DIR)/PrivateFrameworks/VoiceServices.framework\"",
				);
				OTHER_LDFLAGS = (
					"-ObjC",
					"-all_load",
				);
				PRODUCT_NAME = "$(TARGET_NAME)";
				WRAPPER_EXTENSION = app;
			};
			name = Release;
		};
/* End XCBuildConfiguration section */

/* Begin XCConfigurationList section */
		1782717C145861B900F47964 /* Build configuration list for PBXProject "ThaiWords" */ = {
			isa = XCConfigurationList;
			buildConfigurations = (
				17827198145861B900F47964 /* Debug */,
				17827199145861B900F47964 /* Release */,
			);
			defaultConfigurationIsVisible = 0;
			defaultConfigurationName = Release;
		};
		1782719A145861B900F47964 /* Build configuration list for PBXNativeTarget "ThaiWords" */ = {
			isa = XCConfigurationList;
			buildConfigurations = (
				1782719B145861B900F47964 /* Debug */,
				1782719C145861B900F47964 /* Release */,
			);
			defaultConfigurationIsVisible = 0;
			defaultConfigurationName = Release;
		};
/* End XCConfigurationList section */
	};
	rootObject = 17827179145861B900F47964 /* Project object */;
}
